
Microsoft Visual Studio Solution File, Format Version 12.00
# Visual Studio 15
VisualStudioVersion = 15.0.27130.2027
MinimumVisualStudioVersion = 10.0.40219.1
Project("{FAE04EC0-301F-11D3-BF4B-00C04F79EFBC}") = "BattleRight.Debugger", "BattleRight.Debugger\BattleRight.Debugger.csproj", "{78B520B2-CD0C-4465-BE76-0D19B3E15BC4}"
EndProject
Global
	GlobalSection(SolutionConfigurationPlatforms) = preSolution
		Debug|Any CPU = Debug|Any CPU
		Release|Any CPU = Release|Any CPU
	EndGlobalSection
	GlobalSection(ProjectConfigurationPlatforms) = postSolution
		{78B520B2-CD0C-4465-BE76-0D19B3E15BC4}.Debug|Any CPU.ActiveCfg = Debug|Any CPU
		{78B520B2-CD0C-4465-BE76-0D19B3E15BC4}.Debug|Any CPU.Build.0 = Debug|Any CPU
		{78B520B2-CD0C-4465-BE76-0D19B3E15BC4}.Release|Any CPU.ActiveCfg = Release|Any CPU
		{78B520B2-CD0C-4465-BE76-0D19B3E15BC4}.Release|Any CPU.Build.0 = Release|Any CPU
	EndGlobalSection
	GlobalSection(SolutionProperties) = preSolution
		HideSolutionNode = FALSE
	EndGlobalSection
	GlobalSection(ExtensibilityGlobals) = postSolution
		SolutionGuid = {48760F14-7347-47A2-AF51-4E8A9F33CBC9}
	EndGlobalSection
EndGlobal
